
Microsoft Visual Studio Solution File, Format Version 12.00
# Visual Studio Version 17
VisualStudioVersion = 17.8.34525.116
MinimumVisualStudioVersion = 10.0.40219.1
Project("{FAE04EC0-301F-11D3-BF4B-00C04F79EFBC}") = "TarefaDapper.API", "TarefaDapper.API.csproj", "{0367B444-57E1-49D5-A66B-1CBBB38B307A}"
EndProject
Global
	GlobalSection(SolutionConfigurationPlatforms) = preSolution
		Debug|Any CPU = Debug|Any CPU
		Release|Any CPU = Release|Any CPU
	EndGlobalSection
	GlobalSection(ProjectConfigurationPlatforms) = postSolution
		{0367B444-57E1-49D5-A66B-1CBBB38B307A}.Debug|Any CPU.ActiveCfg = Debug|Any CPU
		{0367B444-57E1-49D5-A66B-1CBBB38B307A}.Debug|Any CPU.Build.0 = Debug|Any CPU
		{0367B444-57E1-49D5-A66B-1CBBB38B307A}.Release|Any CPU.ActiveCfg = Release|Any CPU
		{0367B444-57E1-49D5-A66B-1CBBB38B307A}.Release|Any CPU.Build.0 = Release|Any CPU
	EndGlobalSection
	GlobalSection(SolutionProperties) = preSolution
		HideSolutionNode = FALSE
	EndGlobalSection
	GlobalSection(ExtensibilityGlobals) = postSolution
		SolutionGuid = {690D5155-0EB8-41B3-B81E-5F206E24D74A}
	EndGlobalSection
EndGlobal
